// !$*UTF8*$!
{
	archiveVersion = 1;
	classes = {
	};
	objectVersion = 50;
	objects = {

/* Begin PBXBuildFile section */
		F317039323F07B86009DDB36 /* AppDelegate.swift in Sources */ = {isa = PBXBuildFile; fileRef = F317039223F07B86009DDB36 /* AppDelegate.swift */; };
		F317039523F07B86009DDB36 /* SceneDelegate.swift in Sources */ = {isa = PBXBuildFile; fileRef = F317039423F07B86009DDB36 /* SceneDelegate.swift */; };
		F317039723F07B86009DDB36 /* PhotoBankController.swift in Sources */ = {isa = PBXBuildFile; fileRef = F317039623F07B86009DDB36 /* PhotoBankController.swift */; };
		F317039A23F07B86009DDB36 /* Main.storyboard in Resources */ = {isa = PBXBuildFile; fileRef = F317039823F07B86009DDB36 /* Main.storyboard */; };
		F317039C23F07B8B009DDB36 /* Assets.xcassets in Resources */ = {isa = PBXBuildFile; fileRef = F317039B23F07B8B009DDB36 /* Assets.xcassets */; };
		F317039F23F07B8B009DDB36 /* LaunchScreen.storyboard in Resources */ = {isa = PBXBuildFile; fileRef = F317039D23F07B8B009DDB36 /* LaunchScreen.storyboard */; };
		F31703AC23F08451009DDB36 /* SearchController.swift in Sources */ = {isa = PBXBuildFile; fileRef = F31703AB23F08451009DDB36 /* SearchController.swift */; };
		F31703B223F086D4009DDB36 /* PhotoListController.swift in Sources */ = {isa = PBXBuildFile; fileRef = F31703B123F086D4009DDB36 /* PhotoListController.swift */; };
		F31703B623F0872D009DDB36 /* PhotoListPresenter.swift in Sources */ = {isa = PBXBuildFile; fileRef = F31703B523F0872D009DDB36 /* PhotoListPresenter.swift */; };
		F31703B923F08EB2009DDB36 /* PhotosDetailsController.swift in Sources */ = {isa = PBXBuildFile; fileRef = F31703B823F08EB2009DDB36 /* PhotosDetailsController.swift */; };
		F31703BE23F09EEB009DDB36 /* EndPoints.swift in Sources */ = {isa = PBXBuildFile; fileRef = F31703BD23F09EEB009DDB36 /* EndPoints.swift */; };
		F31703C023F09FC9009DDB36 /* APICallManager.swift in Sources */ = {isa = PBXBuildFile; fileRef = F31703BF23F09FC9009DDB36 /* APICallManager.swift */; };
		F31703C223F0E4B3009DDB36 /* UnsplashData.swift in Sources */ = {isa = PBXBuildFile; fileRef = F31703C123F0E4B3009DDB36 /* UnsplashData.swift */; };
		F31703C523F10126009DDB36 /* PhotoModel.swift in Sources */ = {isa = PBXBuildFile; fileRef = F31703C323F0F542009DDB36 /* PhotoModel.swift */; };
		F31703C723F10CEF009DDB36 /* PhotoItemCell.swift in Sources */ = {isa = PBXBuildFile; fileRef = F31703C623F10CEF009DDB36 /* PhotoItemCell.swift */; };
		F31703C923F1BBBE009DDB36 /* PhotosDetailsPresenter.swift in Sources */ = {isa = PBXBuildFile; fileRef = F31703C823F1BBBE009DDB36 /* PhotosDetailsPresenter.swift */; };
		F31703CB23F1BBF1009DDB36 /* SearchPresenter.swift in Sources */ = {isa = PBXBuildFile; fileRef = F31703CA23F1BBF1009DDB36 /* SearchPresenter.swift */; };
		F31703D123F2CA6E009DDB36 /* PhotoItemPresenter.swift in Sources */ = {isa = PBXBuildFile; fileRef = F31703D023F2CA6E009DDB36 /* PhotoItemPresenter.swift */; };
/* End PBXBuildFile section */

/* Begin PBXFileReference section */
		F317038F23F07B86009DDB36 /* PhotoBank.app */ = {isa = PBXFileReference; explicitFileType = wrapper.application; includeInIndex = 0; path = PhotoBank.app; sourceTree = BUILT_PRODUCTS_DIR; };
		F317039223F07B86009DDB36 /* AppDelegate.swift */ = {isa = PBXFileReference; lastKnownFileType = sourcecode.swift; path = AppDelegate.swift; sourceTree = "<group>"; };
		F317039423F07B86009DDB36 /* SceneDelegate.swift */ = {isa = PBXFileReference; lastKnownFileType = sourcecode.swift; path = SceneDelegate.swift; sourceTree = "<group>"; };
		F317039623F07B86009DDB36 /* PhotoBankController.swift */ = {isa = PBXFileReference; lastKnownFileType = sourcecode.swift; path = PhotoBankController.swift; sourceTree = "<group>"; };
		F317039923F07B86009DDB36 /* Base */ = {isa = PBXFileReference; lastKnownFileType = file.storyboard; name = Base; path = Base.lproj/Main.storyboard; sourceTree = "<group>"; };
		F317039B23F07B8B009DDB36 /* Assets.xcassets */ = {isa = PBXFileReference; lastKnownFileType = folder.assetcatalog; path = Assets.xcassets; sourceTree = "<group>"; };
		F317039E23F07B8B009DDB36 /* Base */ = {isa = PBXFileReference; lastKnownFileType = file.storyboard; name = Base; path = Base.lproj/LaunchScreen.storyboard; sourceTree = "<group>"; };
		F31703A023F07B8B009DDB36 /* Info.plist */ = {isa = PBXFileReference; lastKnownFileType = text.plist.xml; path = Info.plist; sourceTree = "<group>"; };
		F31703AB23F08451009DDB36 /* SearchController.swift */ = {isa = PBXFileReference; lastKnownFileType = sourcecode.swift; path = SearchController.swift; sourceTree = "<group>"; };
		F31703B123F086D4009DDB36 /* PhotoListController.swift */ = {isa = PBXFileReference; lastKnownFileType = sourcecode.swift; path = PhotoListController.swift; sourceTree = "<group>"; };
		F31703B523F0872D009DDB36 /* PhotoListPresenter.swift */ = {isa = PBXFileReference; lastKnownFileType = sourcecode.swift; path = PhotoListPresenter.swift; sourceTree = "<group>"; };
		F31703B823F08EB2009DDB36 /* PhotosDetailsController.swift */ = {isa = PBXFileReference; lastKnownFileType = sourcecode.swift; path = PhotosDetailsController.swift; sourceTree = "<group>"; };
		F31703BD23F09EEB009DDB36 /* EndPoints.swift */ = {isa = PBXFileReference; lastKnownFileType = sourcecode.swift; path = EndPoints.swift; sourceTree = "<group>"; };
		F31703BF23F09FC9009DDB36 /* APICallManager.swift */ = {isa = PBXFileReference; lastKnownFileType = sourcecode.swift; path = APICallManager.swift; sourceTree = "<group>"; };
		F31703C123F0E4B3009DDB36 /* UnsplashData.swift */ = {isa = PBXFileReference; lastKnownFileType = sourcecode.swift; path = UnsplashData.swift; sourceTree = "<group>"; };
		F31703C323F0F542009DDB36 /* PhotoModel.swift */ = {isa = PBXFileReference; lastKnownFileType = sourcecode.swift; path = PhotoModel.swift; sourceTree = "<group>"; };
		F31703C623F10CEF009DDB36 /* PhotoItemCell.swift */ = {isa = PBXFileReference; lastKnownFileType = sourcecode.swift; path = PhotoItemCell.swift; sourceTree = "<group>"; };
		F31703C823F1BBBE009DDB36 /* PhotosDetailsPresenter.swift */ = {isa = PBXFileReference; lastKnownFileType = sourcecode.swift; path = PhotosDetailsPresenter.swift; sourceTree = "<group>"; };
		F31703CA23F1BBF1009DDB36 /* SearchPresenter.swift */ = {isa = PBXFileReference; lastKnownFileType = sourcecode.swift; path = SearchPresenter.swift; sourceTree = "<group>"; };
		F31703D023F2CA6E009DDB36 /* PhotoItemPresenter.swift */ = {isa = PBXFileReference; lastKnownFileType = sourcecode.swift; path = PhotoItemPresenter.swift; sourceTree = "<group>"; };
/* End PBXFileReference section */

/* Begin PBXFrameworksBuildPhase section */
		F317038C23F07B86009DDB36 /* Frameworks */ = {
			isa = PBXFrameworksBuildPhase;
			buildActionMask = 2147483647;
			files = (
			);
			runOnlyForDeploymentPostprocessing = 0;
		};
/* End PBXFrameworksBuildPhase section */

/* Begin PBXGroup section */
		F317038623F07B86009DDB36 = {
			isa = PBXGroup;
			children = (
				F317039123F07B86009DDB36 /* PhotoBank */,
				F317039023F07B86009DDB36 /* Products */,
			);
			sourceTree = "<group>";
		};
		F317039023F07B86009DDB36 /* Products */ = {
			isa = PBXGroup;
			children = (
				F317038F23F07B86009DDB36 /* PhotoBank.app */,
			);
			name = Products;
			sourceTree = "<group>";
		};
		F317039123F07B86009DDB36 /* PhotoBank */ = {
			isa = PBXGroup;
			children = (
				F31703B723F08761009DDB36 /* Services */,
				F31703AA23F07F62009DDB36 /* Presenters */,
				F31703A923F07F37009DDB36 /* Controllers */,
				F31703A823F07F2B009DDB36 /* Views */,
				F31703A723F07F09009DDB36 /* Models */,
				F317039223F07B86009DDB36 /* AppDelegate.swift */,
				F317039D23F07B8B009DDB36 /* LaunchScreen.storyboard */,
				F317039423F07B86009DDB36 /* SceneDelegate.swift */,
				F317039B23F07B8B009DDB36 /* Assets.xcassets */,
				F31703A023F07B8B009DDB36 /* Info.plist */,
			);
			path = PhotoBank;
			sourceTree = "<group>";
		};
		F31703A723F07F09009DDB36 /* Models */ = {
			isa = PBXGroup;
			children = (
				F31703C123F0E4B3009DDB36 /* UnsplashData.swift */,
				F31703C323F0F542009DDB36 /* PhotoModel.swift */,
			);
			path = Models;
			sourceTree = "<group>";
		};
		F31703A823F07F2B009DDB36 /* Views */ = {
			isa = PBXGroup;
			children = (
				F317039823F07B86009DDB36 /* Main.storyboard */,
				F31703BA23F08ECA009DDB36 /* PhotosDetails */,
				F31703B023F0869A009DDB36 /* PhotosList */,
				F31703AF23F0867D009DDB36 /* Search */,
			);
			path = Views;
			sourceTree = "<group>";
		};
		F31703A923F07F37009DDB36 /* Controllers */ = {
			isa = PBXGroup;
			children = (
				F317039623F07B86009DDB36 /* PhotoBankController.swift */,
			);
			path = Controllers;
			sourceTree = "<group>";
		};
		F31703AA23F07F62009DDB36 /* Presenters */ = {
			isa = PBXGroup;
			children = (
				F31703B523F0872D009DDB36 /* PhotoListPresenter.swift */,
				F31703C823F1BBBE009DDB36 /* PhotosDetailsPresenter.swift */,
				F31703CA23F1BBF1009DDB36 /* SearchPresenter.swift */,
				F31703D023F2CA6E009DDB36 /* PhotoItemPresenter.swift */,
			);
			path = Presenters;
			sourceTree = "<group>";
		};
		F31703AF23F0867D009DDB36 /* Search */ = {
			isa = PBXGroup;
			children = (
				F31703AB23F08451009DDB36 /* SearchController.swift */,
			);
			path = Search;
			sourceTree = "<group>";
		};
		F31703B023F0869A009DDB36 /* PhotosList */ = {
			isa = PBXGroup;
			children = (
				F31703B123F086D4009DDB36 /* PhotoListController.swift */,
				F31703C623F10CEF009DDB36 /* PhotoItemCell.swift */,
			);
			path = PhotosList;
			sourceTree = "<group>";
		};
		F31703B723F08761009DDB36 /* Services */ = {
			isa = PBXGroup;
			children = (
				F31703BD23F09EEB009DDB36 /* EndPoints.swift */,
				F31703BF23F09FC9009DDB36 /* APICallManager.swift */,
			);
			path = Services;
			sourceTree = "<group>";
		};
		F31703BA23F08ECA009DDB36 /* PhotosDetails */ = {
			isa = PBXGroup;
			children = (
				F31703B823F08EB2009DDB36 /* PhotosDetailsController.swift */,
			);
			path = PhotosDetails;
			sourceTree = "<group>";
		};
/* End PBXGroup section */

/* Begin PBXNativeTarget section */
		F317038E23F07B86009DDB36 /* PhotoBank */ = {
			isa = PBXNativeTarget;
			buildConfigurationList = F31703A323F07B8B009DDB36 /* Build configuration list for PBXNativeTarget "PhotoBank" */;
			buildPhases = (
				F317038B23F07B86009DDB36 /* Sources */,
				F317038C23F07B86009DDB36 /* Frameworks */,
				F317038D23F07B86009DDB36 /* Resources */,
			);
			buildRules = (
			);
			dependencies = (
			);
			name = PhotoBank;
			productName = PhotoBank;
			productReference = F317038F23F07B86009DDB36 /* PhotoBank.app */;
			productType = "com.apple.product-type.application";
		};
/* End PBXNativeTarget section */

/* Begin PBXProject section */
		F317038723F07B86009DDB36 /* Project object */ = {
			isa = PBXProject;
			attributes = {
				LastSwiftUpdateCheck = 1130;
				LastUpgradeCheck = 1130;
				ORGANIZATIONNAME = "Marquise Kamanke";
				TargetAttributes = {
					F317038E23F07B86009DDB36 = {
						CreatedOnToolsVersion = 11.3.1;
					};
				};
			};
			buildConfigurationList = F317038A23F07B86009DDB36 /* Build configuration list for PBXProject "PhotoBank" */;
			compatibilityVersion = "Xcode 9.3";
			developmentRegion = en;
			hasScannedForEncodings = 0;
			knownRegions = (
				en,
				Base,
			);
			mainGroup = F317038623F07B86009DDB36;
			productRefGroup = F317039023F07B86009DDB36 /* Products */;
			projectDirPath = "";
			projectRoot = "";
			targets = (
				F317038E23F07B86009DDB36 /* PhotoBank */,
			);
		};
/* End PBXProject section */

/* Begin PBXResourcesBuildPhase section */
		F317038D23F07B86009DDB36 /* Resources */ = {
			isa = PBXResourcesBuildPhase;
			buildActionMask = 2147483647;
			files = (
				F317039F23F07B8B009DDB36 /* LaunchScreen.storyboard in Resources */,
				F317039C23F07B8B009DDB36 /* Assets.xcassets in Resources */,
				F317039A23F07B86009DDB36 /* Main.storyboard in Resources */,
			);
			runOnlyForDeploymentPostprocessing = 0;
		};
/* End PBXResourcesBuildPhase section */

/* Begin PBXSourcesBuildPhase section */
		F317038B23F07B86009DDB36 /* Sources */ = {
			isa = PBXSourcesBuildPhase;
			buildActionMask = 2147483647;
			files = (
				F31703C523F10126009DDB36 /* PhotoModel.swift in Sources */,
				F31703B923F08EB2009DDB36 /* PhotosDetailsController.swift in Sources */,
				F317039723F07B86009DDB36 /* PhotoBankController.swift in Sources */,
				F31703C723F10CEF009DDB36 /* PhotoItemCell.swift in Sources */,
				F31703AC23F08451009DDB36 /* SearchController.swift in Sources */,
				F317039323F07B86009DDB36 /* AppDelegate.swift in Sources */,
				F31703CB23F1BBF1009DDB36 /* SearchPresenter.swift in Sources */,
				F31703D123F2CA6E009DDB36 /* PhotoItemPresenter.swift in Sources */,
				F31703B623F0872D009DDB36 /* PhotoListPresenter.swift in Sources */,
				F31703B223F086D4009DDB36 /* PhotoListController.swift in Sources */,
				F31703BE23F09EEB009DDB36 /* EndPoints.swift in Sources */,
				F317039523F07B86009DDB36 /* SceneDelegate.swift in Sources */,
				F31703C023F09FC9009DDB36 /* APICallManager.swift in Sources */,
				F31703C223F0E4B3009DDB36 /* UnsplashData.swift in Sources */,
				F31703C923F1BBBE009DDB36 /* PhotosDetailsPresenter.swift in Sources */,
			);
			runOnlyForDeploymentPostprocessing = 0;
		};
/* End PBXSourcesBuildPhase section */

/* Begin PBXVariantGroup section */
		F317039823F07B86009DDB36 /* Main.storyboard */ = {
			isa = PBXVariantGroup;
			children = (
				F317039923F07B86009DDB36 /* Base */,
			);
			name = Main.storyboard;
			sourceTree = "<group>";
		};
		F317039D23F07B8B009DDB36 /* LaunchScreen.storyboard */ = {
			isa = PBXVariantGroup;
			children = (
				F317039E23F07B8B009DDB36 /* Base */,
			);
			name = LaunchScreen.storyboard;
			sourceTree = "<group>";
		};
/* End PBXVariantGroup section */

/* Begin XCBuildConfiguration section */
		F31703A123F07B8B009DDB36 /* Debug */ = {
			isa = XCBuildConfiguration;
			buildSettings = {
				ALWAYS_SEARCH_USER_PATHS = NO;
				CLANG_ANALYZER_NONNULL = YES;
				CLANG_ANALYZER_NUMBER_OBJECT_CONVERSION = YES_AGGRESSIVE;
				CLANG_CXX_LANGUAGE_STANDARD = "gnu++14";
				CLANG_CXX_LIBRARY = "libc++";
				CLANG_ENABLE_MODULES = YES;
				CLANG_ENABLE_OBJC_ARC = YES;
				CLANG_ENABLE_OBJC_WEAK = YES;
				CLANG_WARN_BLOCK_CAPTURE_AUTORELEASING = YES;
				CLANG_WARN_BOOL_CONVERSION = YES;
				CLANG_WARN_COMMA = YES;
				CLANG_WARN_CONSTANT_CONVERSION = YES;
				CLANG_WARN_DEPRECATED_OBJC_IMPLEMENTATIONS = YES;
				CLANG_WARN_DIRECT_OBJC_ISA_USAGE = YES_ERROR;
				CLANG_WARN_DOCUMENTATION_COMMENTS = YES;
				CLANG_WARN_EMPTY_BODY = YES;
				CLANG_WARN_ENUM_CONVERSION = YES;
				CLANG_WARN_INFINITE_RECURSION = YES;
				CLANG_WARN_INT_CONVERSION = YES;
				CLANG_WARN_NON_LITERAL_NULL_CONVERSION = YES;
				CLANG_WARN_OBJC_IMPLICIT_RETAIN_SELF = YES;
				CLANG_WARN_OBJC_LITERAL_CONVERSION = YES;
				CLANG_WARN_OBJC_ROOT_CLASS = YES_ERROR;
				CLANG_WARN_RANGE_LOOP_ANALYSIS = YES;
				CLANG_WARN_STRICT_PROTOTYPES = YES;
				CLANG_WARN_SUSPICIOUS_MOVE = YES;
				CLANG_WARN_UNGUARDED_AVAILABILITY = YES_AGGRESSIVE;
				CLANG_WARN_UNREACHABLE_CODE = YES;
				CLANG_WARN__DUPLICATE_METHOD_MATCH = YES;
				COPY_PHASE_STRIP = NO;
				DEBUG_INFORMATION_FORMAT = dwarf;
				ENABLE_STRICT_OBJC_MSGSEND = YES;
				ENABLE_TESTABILITY = YES;
				GCC_C_LANGUAGE_STANDARD = gnu11;
				GCC_DYNAMIC_NO_PIC = NO;
				GCC_NO_COMMON_BLOCKS = YES;
				GCC_OPTIMIZATION_LEVEL = 0;
				GCC_PREPROCESSOR_DEFINITIONS = (
					"DEBUG=1",
					"$(inherited)",
				);
				GCC_WARN_64_TO_32_BIT_CONVERSION = YES;
				GCC_WARN_ABOUT_RETURN_TYPE = YES_ERROR;
				GCC_WARN_UNDECLARED_SELECTOR = YES;
				GCC_WARN_UNINITIALIZED_AUTOS = YES_AGGRESSIVE;
				GCC_WARN_UNUSED_FUNCTION = YES;
				GCC_WARN_UNUSED_VARIABLE = YES;
				IPHONEOS_DEPLOYMENT_TARGET = 13.2;
				MTL_ENABLE_DEBUG_INFO = INCLUDE_SOURCE;
				MTL_FAST_MATH = YES;
				ONLY_ACTIVE_ARCH = YES;
				SDKROOT = iphoneos;
				SWIFT_ACTIVE_COMPILATION_CONDITIONS = DEBUG;
				SWIFT_OPTIMIZATION_LEVEL = "-Onone";
			};
			name = Debug;
		};
		F31703A223F07B8B009DDB36 /* Release */ = {
			isa = XCBuildConfiguration;
			buildSettings = {
				ALWAYS_SEARCH_USER_PATHS = NO;
				CLANG_ANALYZER_NONNULL = YES;
				CLANG_ANALYZER_NUMBER_OBJECT_CONVERSION = YES_AGGRESSIVE;
				CLANG_CXX_LANGUAGE_STANDARD = "gnu++14";
				CLANG_CXX_LIBRARY = "libc++";
				CLANG_ENABLE_MODULES = YES;
				CLANG_ENABLE_OBJC_ARC = YES;
				CLANG_ENABLE_OBJC_WEAK = YES;
				CLANG_WARN_BLOCK_CAPTURE_AUTORELEASING = YES;
				CLANG_WARN_BOOL_CONVERSION = YES;
				CLANG_WARN_COMMA = YES;
				CLANG_WARN_CONSTANT_CONVERSION = YES;
				CLANG_WARN_DEPRECATED_OBJC_IMPLEMENTATIONS = YES;
				CLANG_WARN_DIRECT_OBJC_ISA_USAGE = YES_ERROR;
				CLANG_WARN_DOCUMENTATION_COMMENTS = YES;
				CLANG_WARN_EMPTY_BODY = YES;
				CLANG_WARN_ENUM_CONVERSION = YES;
				CLANG_WARN_INFINITE_RECURSION = YES;
				CLANG_WARN_INT_CONVERSION = YES;
				CLANG_WARN_NON_LITERAL_NULL_CONVERSION = YES;
				CLANG_WARN_OBJC_IMPLICIT_RETAIN_SELF = YES;
				CLANG_WARN_OBJC_LITERAL_CONVERSION = YES;
				CLANG_WARN_OBJC_ROOT_CLASS = YES_ERROR;
				CLANG_WARN_RANGE_LOOP_ANALYSIS = YES;
				CLANG_WARN_STRICT_PROTOTYPES = YES;
				CLANG_WARN_SUSPICIOUS_MOVE = YES;
				CLANG_WARN_UNGUARDED_AVAILABILITY = YES_AGGRESSIVE;
				CLANG_WARN_UNREACHABLE_CODE = YES;
				CLANG_WARN__DUPLICATE_METHOD_MATCH = YES;
				COPY_PHASE_STRIP = NO;
				DEBUG_INFORMATION_FORMAT = "dwarf-with-dsym";
				ENABLE_NS_ASSERTIONS = NO;
				ENABLE_STRICT_OBJC_MSGSEND = YES;
				GCC_C_LANGUAGE_STANDARD = gnu11;
				GCC_NO_COMMON_BLOCKS = YES;
				GCC_WARN_64_TO_32_BIT_CONVERSION = YES;
				GCC_WARN_ABOUT_RETURN_TYPE = YES_ERROR;
				GCC_WARN_UNDECLARED_SELECTOR = YES;
				GCC_WARN_UNINITIALIZED_AUTOS = YES_AGGRESSIVE;
				GCC_WARN_UNUSED_FUNCTION = YES;
				GCC_WARN_UNUSED_VARIABLE = YES;
				IPHONEOS_DEPLOYMENT_TARGET = 13.2;
				MTL_ENABLE_DEBUG_INFO = NO;
				MTL_FAST_MATH = YES;
				SDKROOT = iphoneos;
				SWIFT_COMPILATION_MODE = wholemodule;
				SWIFT_OPTIMIZATION_LEVEL = "-O";
				VALIDATE_PRODUCT = YES;
			};
			name = Release;
		};
		F31703A423F07B8B009DDB36 /* Debug */ = {
			isa = XCBuildConfiguration;
			buildSettings = {
				ASSETCATALOG_COMPILER_APPICON_NAME = AppIcon;
				CODE_SIGN_STYLE = Automatic;
				INFOPLIST_FILE = PhotoBank/Info.plist;
				LD_RUNPATH_SEARCH_PATHS = (
					"$(inherited)",
					"@executable_path/Frameworks",
				);
				PRODUCT_BUNDLE_IDENTIFIER = com.marquisek.PhotoBank;
				PRODUCT_NAME = "$(TARGET_NAME)";
				SWIFT_VERSION = 5.0;
				TARGETED_DEVICE_FAMILY = "1,2";
			};
			name = Debug;
		};
		F31703A523F07B8B009DDB36 /* Release */ = {
			isa = XCBuildConfiguration;
			buildSettings = {
				ASSETCATALOG_COMPILER_APPICON_NAME = AppIcon;
				CODE_SIGN_STYLE = Automatic;
				INFOPLIST_FILE = PhotoBank/Info.plist;
				LD_RUNPATH_SEARCH_PATHS = (
					"$(inherited)",
					"@executable_path/Frameworks",
				);
				PRODUCT_BUNDLE_IDENTIFIER = com.marquisek.PhotoBank;
				PRODUCT_NAME = "$(TARGET_NAME)";
				SWIFT_VERSION = 5.0;
				TARGETED_DEVICE_FAMILY = "1,2";
			};
			name = Release;
		};
/* End XCBuildConfiguration section */

/* Begin XCConfigurationList section */
		F317038A23F07B86009DDB36 /* Build configuration list for PBXProject "PhotoBank" */ = {
			isa = XCConfigurationList;
			buildConfigurations = (
				F31703A123F07B8B009DDB36 /* Debug */,
				F31703A223F07B8B009DDB36 /* Release */,
			);
			defaultConfigurationIsVisible = 0;
			defaultConfigurationName = Release;
		};
		F31703A323F07B8B009DDB36 /* Build configuration list for PBXNativeTarget "PhotoBank" */ = {
			isa = XCConfigurationList;
			buildConfigurations = (
				F31703A423F07B8B009DDB36 /* Debug */,
				F31703A523F07B8B009DDB36 /* Release */,
			);
			defaultConfigurationIsVisible = 0;
			defaultConfigurationName = Release;
		};
/* End XCConfigurationList section */
	};
	rootObject = F317038723F07B86009DDB36 /* Project object */;
}
